
Microsoft Visual Studio Solution File, Format Version 12.00
# Visual Studio Version 16
VisualStudioVersion = 16.0.31129.286
MinimumVisualStudioVersion = 10.0.40219.1
Project("{9A19103F-16F7-4668-BE54-9A1E7A4F7556}") = "Provider", "Provider\Provider.csproj", "{B176E1F1-A9DE-4E23-AF49-D7541C1D2158}"
EndProject
Global
	GlobalSection(SolutionConfigurationPlatforms) = preSolution
		Debug|Any CPU = Debug|Any CPU
		Release|Any CPU = Release|Any CPU
	EndGlobalSection
	GlobalSection(ProjectConfigurationPlatforms) = postSolution
		{B176E1F1-A9DE-4E23-AF49-D7541C1D2158}.Debug|Any CPU.ActiveCfg = Debug|Any CPU
		{B176E1F1-A9DE-4E23-AF49-D7541C1D2158}.Debug|Any CPU.Build.0 = Debug|Any CPU
		{B176E1F1-A9DE-4E23-AF49-D7541C1D2158}.Release|Any CPU.ActiveCfg = Release|Any CPU
		{B176E1F1-A9DE-4E23-AF49-D7541C1D2158}.Release|Any CPU.Build.0 = Release|Any CPU
	EndGlobalSection
	GlobalSection(SolutionProperties) = preSolution
		HideSolutionNode = FALSE
	EndGlobalSection
	GlobalSection(ExtensibilityGlobals) = postSolution
		SolutionGuid = {92036EC0-DB89-4969-AB6C-A500DE7B3916}
	EndGlobalSection
EndGlobal
