
Microsoft Visual Studio Solution File, Format Version 12.00
# Visual Studio Version 16
VisualStudioVersion = 16.0.31129.286
MinimumVisualStudioVersion = 10.0.40219.1
Project("{9A19103F-16F7-4668-BE54-9A1E7A4F7556}") = "Portal", "Portal\Portal.csproj", "{F87BC227-C1C6-4A16-9A6F-E3FCFD4B6859}"
EndProject
Global
	GlobalSection(SolutionConfigurationPlatforms) = preSolution
		Debug|Any CPU = Debug|Any CPU
		Release|Any CPU = Release|Any CPU
	EndGlobalSection
	GlobalSection(ProjectConfigurationPlatforms) = postSolution
		{F87BC227-C1C6-4A16-9A6F-E3FCFD4B6859}.Debug|Any CPU.ActiveCfg = Debug|Any CPU
		{F87BC227-C1C6-4A16-9A6F-E3FCFD4B6859}.Debug|Any CPU.Build.0 = Debug|Any CPU
		{F87BC227-C1C6-4A16-9A6F-E3FCFD4B6859}.Release|Any CPU.ActiveCfg = Release|Any CPU
		{F87BC227-C1C6-4A16-9A6F-E3FCFD4B6859}.Release|Any CPU.Build.0 = Release|Any CPU
	EndGlobalSection
	GlobalSection(SolutionProperties) = preSolution
		HideSolutionNode = FALSE
	EndGlobalSection
	GlobalSection(ExtensibilityGlobals) = postSolution
		SolutionGuid = {A6B9BB08-80B1-4D99-A9EF-A7D444690B5C}
	EndGlobalSection
EndGlobal
